{
  "name": "hioshop-miniprogram",
  "version": "1.0.0",
  "lockfileVersion": 3,
  "requires": true,
  "packages": {
    "": {
      "name": "hioshop-miniprogram",
      "version": "1.0.0",
      "license": "ISC",
      "dependencies": {
        "tdesign-miniprogram": "^1.2.1"
      },
      "devDependencies": {}
    },
    "node_modules/dayjs": {
      "version": "1.11.8",
      "resolved": "https://registry.npmmirror.com/dayjs/-/dayjs-1.11.8.tgz",
      "integrity": "sha512-LcgxzFoWMEPO7ggRv1Y2N31hUf2R0Vj7fuy/m+Bg1K8rr+KAs1AEy4y9jd5DXe8pbHgX+srkHNS7TH6Q6ZhYeQ=="
    },
    "node_modules/tdesign-miniprogram": {
      "version": "1.2.1",
      "resolved": "https://registry.npmmirror.com/tdesign-miniprogram/-/tdesign-miniprogram-1.2.1.tgz",
      "integrity": "sha512-wUOPKD4O4+Kx9LgPt4Tp3UmMM1eTRDwOW8lQvZZPxtApxV9iVu2zo4ZJXXanjuukdlQM+idg/oKAO7HymsEWrA==",
      "dependencies": {
        "dayjs": "^1.10.7"
      }
    }
  }
}
