{
  "name": "hioshop-miniprogram",
  "version": "1.0.0",
  "lockfileVersion": 1,
  "requires": true,
  "dependencies": {
    "dayjs": {
      "version": "1.11.9",
      "resolved": "https://mirrors.tencent.com/npm/dayjs/-/dayjs-1.11.9.tgz",
      "integrity": "sha512-QvzAURSbQ0pKdIye2txOzNaHmxtUBXerpY0FJsFXUMKbIZeFm5ht1LS/jFsrncjnmtv8HsG0W2g6c0zUjZWmpA=="
    },
    "moment": {
      "version": "2.29.4",
      "resolved": "https://mirrors.tencent.com/npm/moment/-/moment-2.29.4.tgz",
      "integrity": "sha512-5LC9SOxjSc2HF6vO2CyuTDNivEdoz2IvyJJGj6X8DJ0eFyfszE0QiEd+iXmBvUP3WHxSjFH/vIsA0EN00cgr8w=="
    },
    "tdesign-miniprogram": {
      "version": "1.2.2",
      "resolved": "https://mirrors.tencent.com/npm/tdesign-miniprogram/-/tdesign-miniprogram-1.2.2.tgz",
      "integrity": "sha512-VLosGP2ACmf9ckPImp8FFzzZUTnxD6kWoTiHjAzuuQJqz66WHcnuBJHNq0yuXRDybehEcbkH4Naln1sPP27j6w==",
      "requires": {
        "dayjs": "^1.10.7"
      }
    }
  }
}
